
Microsoft Visual Studio Solution File, Format Version 12.00
# Visual Studio Version 16
VisualStudioVersion = 16.0.32126.315
MinimumVisualStudioVersion = 10.0.40219.1
Project("{2150E333-8FDC-42A3-9474-1A3956D46DE8}") = "_SolutionItems", "_SolutionItems", "{0D1D8D6F-59B7-4BAA-86F7-B58DE4B61D71}"
	ProjectSection(SolutionItems) = preProject
		..\README.md = ..\README.md
		..\database\scripts.sql = ..\database\scripts.sql
	EndProjectSection
EndProject
Project("{9092AA53-FB77-4645-B42D-1CCCA6BD08BD}") = "api", "api\api.njsproj", "{F49D2AC4-79CB-4A78-94AF-B0FB31B590D5}"
EndProject
Project("{2150E333-8FDC-42A3-9474-1A3956D46DE8}") = "middleware", "middleware", "{74011CA2-F7C4-493D-B4AC-74222446C634}"
EndProject
Project("{9092AA53-FB77-4645-B42D-1CCCA6BD08BD}") = "integration", "middleware\integration\integration.njsproj", "{6CE97BDF-56F2-4B73-A62B-D510C0BD356C}"
EndProject
Project("{9092AA53-FB77-4645-B42D-1CCCA6BD08BD}") = "service", "middleware\service\service.njsproj", "{C5E58079-0AFD-4267-B110-DA5189B1CFC5}"
EndProject
Project("{9092AA53-FB77-4645-B42D-1CCCA6BD08BD}") = "common", "middleware\common\common.njsproj", "{ED0CBE72-CA52-4C79-9E9F-D90A37CB1B85}"
EndProject
Project("{9092AA53-FB77-4645-B42D-1CCCA6BD08BD}") = "website-marketing", "website-marketing\website-marketing.njsproj", "{EA3DC0DE-929D-4814-8C5A-FFDC7E4649EE}"
EndProject
Project("{9092AA53-FB77-4645-B42D-1CCCA6BD08BD}") = "website-vixi", "website-vixi\website-vixi.njsproj", "{F8C44AC8-5564-4574-8249-11148284D293}"
EndProject
Global
	GlobalSection(SolutionConfigurationPlatforms) = preSolution
		Debug|Any CPU = Debug|Any CPU
		Release|Any CPU = Release|Any CPU
	EndGlobalSection
	GlobalSection(ProjectConfigurationPlatforms) = postSolution
		{F49D2AC4-79CB-4A78-94AF-B0FB31B590D5}.Debug|Any CPU.ActiveCfg = Debug|Any CPU
		{F49D2AC4-79CB-4A78-94AF-B0FB31B590D5}.Debug|Any CPU.Build.0 = Debug|Any CPU
		{F49D2AC4-79CB-4A78-94AF-B0FB31B590D5}.Release|Any CPU.ActiveCfg = Release|Any CPU
		{F49D2AC4-79CB-4A78-94AF-B0FB31B590D5}.Release|Any CPU.Build.0 = Release|Any CPU
		{6CE97BDF-56F2-4B73-A62B-D510C0BD356C}.Debug|Any CPU.ActiveCfg = Debug|Any CPU
		{6CE97BDF-56F2-4B73-A62B-D510C0BD356C}.Debug|Any CPU.Build.0 = Debug|Any CPU
		{6CE97BDF-56F2-4B73-A62B-D510C0BD356C}.Release|Any CPU.ActiveCfg = Release|Any CPU
		{6CE97BDF-56F2-4B73-A62B-D510C0BD356C}.Release|Any CPU.Build.0 = Release|Any CPU
		{C5E58079-0AFD-4267-B110-DA5189B1CFC5}.Debug|Any CPU.ActiveCfg = Debug|Any CPU
		{C5E58079-0AFD-4267-B110-DA5189B1CFC5}.Debug|Any CPU.Build.0 = Debug|Any CPU
		{C5E58079-0AFD-4267-B110-DA5189B1CFC5}.Release|Any CPU.ActiveCfg = Release|Any CPU
		{C5E58079-0AFD-4267-B110-DA5189B1CFC5}.Release|Any CPU.Build.0 = Release|Any CPU
		{ED0CBE72-CA52-4C79-9E9F-D90A37CB1B85}.Debug|Any CPU.ActiveCfg = Debug|Any CPU
		{ED0CBE72-CA52-4C79-9E9F-D90A37CB1B85}.Debug|Any CPU.Build.0 = Debug|Any CPU
		{ED0CBE72-CA52-4C79-9E9F-D90A37CB1B85}.Release|Any CPU.ActiveCfg = Release|Any CPU
		{ED0CBE72-CA52-4C79-9E9F-D90A37CB1B85}.Release|Any CPU.Build.0 = Release|Any CPU
		{EA3DC0DE-929D-4814-8C5A-FFDC7E4649EE}.Debug|Any CPU.ActiveCfg = Debug|Any CPU
		{EA3DC0DE-929D-4814-8C5A-FFDC7E4649EE}.Debug|Any CPU.Build.0 = Debug|Any CPU
		{EA3DC0DE-929D-4814-8C5A-FFDC7E4649EE}.Release|Any CPU.ActiveCfg = Release|Any CPU
		{EA3DC0DE-929D-4814-8C5A-FFDC7E4649EE}.Release|Any CPU.Build.0 = Release|Any CPU
		{F8C44AC8-5564-4574-8249-11148284D293}.Debug|Any CPU.ActiveCfg = Debug|Any CPU
		{F8C44AC8-5564-4574-8249-11148284D293}.Debug|Any CPU.Build.0 = Debug|Any CPU
		{F8C44AC8-5564-4574-8249-11148284D293}.Release|Any CPU.ActiveCfg = Release|Any CPU
		{F8C44AC8-5564-4574-8249-11148284D293}.Release|Any CPU.Build.0 = Release|Any CPU
	EndGlobalSection
	GlobalSection(SolutionProperties) = preSolution
		HideSolutionNode = FALSE
	EndGlobalSection
	GlobalSection(NestedProjects) = preSolution
		{6CE97BDF-56F2-4B73-A62B-D510C0BD356C} = {74011CA2-F7C4-493D-B4AC-74222446C634}
		{C5E58079-0AFD-4267-B110-DA5189B1CFC5} = {74011CA2-F7C4-493D-B4AC-74222446C634}
		{ED0CBE72-CA52-4C79-9E9F-D90A37CB1B85} = {74011CA2-F7C4-493D-B4AC-74222446C634}
	EndGlobalSection
	GlobalSection(ExtensibilityGlobals) = postSolution
		SolutionGuid = {B1B50201-FF48-407B-9715-DE40B52678C1}
	EndGlobalSection
EndGlobal
